{
  "version": 1,
  "dependencies": {
    "net8.0-windows7.0": {
      "DalamudPackager": {
        "type": "Direct",
        "requested": "[11.0.0, )",
        "resolved": "11.0.0",
        "contentHash": "bjT7XUlhIJSmsE/O76b7weUX+evvGQctbQB8aKXt94o+oPWxHpCepxAGMs7Thow3AzCyqWs7cOpp9/2wcgRRQA=="
      },
      "NetCord": {
        "type": "Direct",
        "requested": "[1.0.0-alpha.349, )",
        "resolved": "1.0.0-alpha.349",
        "contentHash": "pPGKqFmc9jgoIv+Yy/ERsLVodnrHQaK+S+R1jo40EORaZoiEXLPzFYly3ajaeaqwPaEmzdtJpuILpqvm8gHq3w=="
      },
      "NetCord.Hosting": {
        "type": "Direct",
        "requested": "[1.0.0-alpha.349, )",
        "resolved": "1.0.0-alpha.349",
        "contentHash": "7o59XcUkGUBxqQCt6FAy2O1lyI6VJb9lMk9oiQj01A5EUuUvTbSZITYcbwdgfAGB2Cmii18bcK+VUcxWDuqYHQ==",
        "dependencies": {
          "Microsoft.Extensions.Configuration.Binder": "8.0.2",
          "Microsoft.Extensions.Hosting.Abstractions": "8.0.1",
          "Microsoft.Extensions.Options.ConfigurationExtensions": "8.0.0",
          "Microsoft.Extensions.Options.DataAnnotations": "8.0.0",
          "NetCord": "1.0.0-alpha.349"
        }
      },
      "NetCord.Hosting.AspNetCore": {
        "type": "Direct",
        "requested": "[1.0.0-alpha.349, )",
        "resolved": "1.0.0-alpha.349",
        "contentHash": "LOHV+P0ddeBGcr/QFuCemf4QuALpXD99u7lQEFvzDZHGuJV33q0OfaNFuhvx4DfYCz/SkO1FEM2k2vWB2fUKhg==",
        "dependencies": {
          "NetCord.Hosting": "1.0.0-alpha.349"
        }
      },
      "NetCord.Hosting.Services": {
        "type": "Direct",
        "requested": "[1.0.0-alpha.349, )",
        "resolved": "1.0.0-alpha.349",
        "contentHash": "rbItnzgUcBWgDMKj7+jgjeBlpIhwbUGd5WNXURNugnFtqUuaMd2hH3Dgf95YLWTUDyCMU5rXJxCakoK3EsbMVw==",
        "dependencies": {
          "NetCord.Hosting": "1.0.0-alpha.349",
          "NetCord.Services": "1.0.0-alpha.349"
        }
      },
      "NetCord.Services": {
        "type": "Direct",
        "requested": "[1.0.0-alpha.349, )",
        "resolved": "1.0.0-alpha.349",
        "contentHash": "+HKZIRIsYB9asRsk6wDPUBhyNiKVegzjoOvTg0Cw4xNZbpc+YFYEecry5yiDHzzUfpkuMEY1gy9qIxic/sWQnw==",
        "dependencies": {
          "NetCord": "1.0.0-alpha.349"
        }
      },
      "Microsoft.Extensions.Configuration.Abstractions": {
        "type": "Transitive",
        "resolved": "8.0.0",
        "contentHash": "3lE/iLSutpgX1CC0NOW70FJoGARRHbyKmG7dc0klnUZ9Dd9hS6N/POPWhKhMLCEuNN5nXEY5agmlFtH562vqhQ==",
        "dependencies": {
          "Microsoft.Extensions.Primitives": "8.0.0"
        }
      },
      "Microsoft.Extensions.Configuration.Binder": {
        "type": "Transitive",
        "resolved": "8.0.2",
        "contentHash": "7IQhGK+wjyGrNsPBjJcZwWAr+Wf6D4+TwOptUt77bWtgNkiV8tDEbhFS+dDamtQFZ2X7kWG9m71iZQRj2x3zgQ==",
        "dependencies": {
          "Microsoft.Extensions.Configuration.Abstractions": "8.0.0"
        }
      },
      "Microsoft.Extensions.DependencyInjection.Abstractions": {
        "type": "Transitive",
        "resolved": "8.0.2",
        "contentHash": "3iE7UF7MQkCv1cxzCahz+Y/guQbTqieyxyaWKhrRO91itI9cOKO76OHeQDahqG4MmW5umr3CcCvGmK92lWNlbg=="
      },
      "Microsoft.Extensions.Diagnostics.Abstractions": {
        "type": "Transitive",
        "resolved": "8.0.1",
        "contentHash": "elH2vmwNmsXuKmUeMQ4YW9ldXiF+gSGDgg1vORksob5POnpaI6caj1Hu8zaYbEuibhqCoWg0YRWDazBY3zjBfg==",
        "dependencies": {
          "Microsoft.Extensions.DependencyInjection.Abstractions": "8.0.2",
          "Microsoft.Extensions.Options": "8.0.2"
        }
      },
      "Microsoft.Extensions.FileProviders.Abstractions": {
        "type": "Transitive",
        "resolved": "8.0.0",
        "contentHash": "ZbaMlhJlpisjuWbvXr4LdAst/1XxH3vZ6A0BsgTphZ2L4PGuxRLz7Jr/S7mkAAnOn78Vu0fKhEgNF5JO3zfjqQ==",
        "dependencies": {
          "Microsoft.Extensions.Primitives": "8.0.0"
        }
      },
      "Microsoft.Extensions.Hosting.Abstractions": {
        "type": "Transitive",
        "resolved": "8.0.1",
        "contentHash": "nHwq9aPBdBPYXPti6wYEEfgXddfBrYC+CQLn+qISiwQq5tpfaqDZSKOJNxoe9rfQxGf1c+2wC/qWFe1QYJPYqw==",
        "dependencies": {
          "Microsoft.Extensions.Configuration.Abstractions": "8.0.0",
          "Microsoft.Extensions.DependencyInjection.Abstractions": "8.0.2",
          "Microsoft.Extensions.Diagnostics.Abstractions": "8.0.1",
          "Microsoft.Extensions.FileProviders.Abstractions": "8.0.0",
          "Microsoft.Extensions.Logging.Abstractions": "8.0.2"
        }
      },
      "Microsoft.Extensions.Logging.Abstractions": {
        "type": "Transitive",
        "resolved": "8.0.2",
        "contentHash": "nroMDjS7hNBPtkZqVBbSiQaQjWRDxITI8Y7XnDs97rqG3EbzVTNLZQf7bIeUJcaHOV8bca47s1Uxq94+2oGdxA==",
        "dependencies": {
          "Microsoft.Extensions.DependencyInjection.Abstractions": "8.0.2"
        }
      },
      "Microsoft.Extensions.Options": {
        "type": "Transitive",
        "resolved": "8.0.2",
        "contentHash": "dWGKvhFybsaZpGmzkGCbNNwBD1rVlWzrZKANLW/CcbFJpCEceMCGzT7zZwHOGBCbwM0SzBuceMj5HN1LKV1QqA==",
        "dependencies": {
          "Microsoft.Extensions.DependencyInjection.Abstractions": "8.0.0",
          "Microsoft.Extensions.Primitives": "8.0.0"
        }
      },
      "Microsoft.Extensions.Options.ConfigurationExtensions": {
        "type": "Transitive",
        "resolved": "8.0.0",
        "contentHash": "0f4DMRqEd50zQh+UyJc+/HiBsZ3vhAQALgdkcQEalSH1L2isdC7Yj54M3cyo5e+BeO5fcBQ7Dxly8XiBBcvRgw==",
        "dependencies": {
          "Microsoft.Extensions.Configuration.Abstractions": "8.0.0",
          "Microsoft.Extensions.Configuration.Binder": "8.0.0",
          "Microsoft.Extensions.DependencyInjection.Abstractions": "8.0.0",
          "Microsoft.Extensions.Options": "8.0.0",
          "Microsoft.Extensions.Primitives": "8.0.0"
        }
      },
      "Microsoft.Extensions.Options.DataAnnotations": {
        "type": "Transitive",
        "resolved": "8.0.0",
        "contentHash": "z6p6q/N/hiU19A9tK7pjhXHpiYArO4oIICipxUviBEIOiDIoKRO7k6qItvw7alKcLtfHZOWmspuSKpvIvH0N8w==",
        "dependencies": {
          "Microsoft.Extensions.DependencyInjection.Abstractions": "8.0.0",
          "Microsoft.Extensions.Options": "8.0.0"
        }
      },
      "Microsoft.Extensions.Primitives": {
        "type": "Transitive",
        "resolved": "8.0.0",
        "contentHash": "bXJEZrW9ny8vjMF1JV253WeLhpEVzFo1lyaZu1vQ4ZxWUlVvknZ/+ftFgVheLubb4eZPSwwxBeqS1JkCOjxd8g=="
      }
    }
  }
}