{
  "version": 1,
  "dependencies": {
    "net8.0-windows7.0": {
      "DalamudPackager": {
        "type": "Direct",
        "requested": "[11.0.0, )",
        "resolved": "11.0.0",
        "contentHash": "bjT7XUlhIJSmsE/O76b7weUX+evvGQctbQB8aKXt94o+oPWxHpCepxAGMs7Thow3AzCyqWs7cOpp9/2wcgRRQA=="
      },
      "Discord.Net": {
        "type": "Direct",
        "requested": "[3.15.3, )",
        "resolved": "3.15.3",
        "contentHash": "qXnqM8Hh2/FH44zz8P2cte5ti63CTLdwDaU3WB+S24m9yQ27mjHSDYb8jlSJbK/RMCNmCOyRFA57uTwaKk73jQ==",
        "dependencies": {
          "Discord.Net.Commands": "3.15.3",
          "Discord.Net.Core": "3.15.3",
          "Discord.Net.Interactions": "3.15.3",
          "Discord.Net.Rest": "3.15.3",
          "Discord.Net.WebSocket": "3.15.3",
          "Discord.Net.Webhook": "3.15.3"
        }
      },
      "NetCord": {
        "type": "Direct",
        "requested": "[1.0.0-alpha.349, )",
        "resolved": "1.0.0-alpha.349",
        "contentHash": "pPGKqFmc9jgoIv+Yy/ERsLVodnrHQaK+S+R1jo40EORaZoiEXLPzFYly3ajaeaqwPaEmzdtJpuILpqvm8gHq3w=="
      },
      "NetCord.Hosting": {
        "type": "Direct",
        "requested": "[1.0.0-alpha.349, )",
        "resolved": "1.0.0-alpha.349",
        "contentHash": "7o59XcUkGUBxqQCt6FAy2O1lyI6VJb9lMk9oiQj01A5EUuUvTbSZITYcbwdgfAGB2Cmii18bcK+VUcxWDuqYHQ==",
        "dependencies": {
          "Microsoft.Extensions.Configuration.Binder": "8.0.2",
          "Microsoft.Extensions.Hosting.Abstractions": "8.0.1",
          "Microsoft.Extensions.Options.ConfigurationExtensions": "8.0.0",
          "Microsoft.Extensions.Options.DataAnnotations": "8.0.0",
          "NetCord": "1.0.0-alpha.349"
        }
      },
      "NetCord.Hosting.AspNetCore": {
        "type": "Direct",
        "requested": "[1.0.0-alpha.349, )",
        "resolved": "1.0.0-alpha.349",
        "contentHash": "LOHV+P0ddeBGcr/QFuCemf4QuALpXD99u7lQEFvzDZHGuJV33q0OfaNFuhvx4DfYCz/SkO1FEM2k2vWB2fUKhg==",
        "dependencies": {
          "NetCord.Hosting": "1.0.0-alpha.349"
        }
      },
      "NetCord.Hosting.Services": {
        "type": "Direct",
        "requested": "[1.0.0-alpha.349, )",
        "resolved": "1.0.0-alpha.349",
        "contentHash": "rbItnzgUcBWgDMKj7+jgjeBlpIhwbUGd5WNXURNugnFtqUuaMd2hH3Dgf95YLWTUDyCMU5rXJxCakoK3EsbMVw==",
        "dependencies": {
          "NetCord.Hosting": "1.0.0-alpha.349",
          "NetCord.Services": "1.0.0-alpha.349"
        }
      },
      "NetCord.Services": {
        "type": "Direct",
        "requested": "[1.0.0-alpha.349, )",
        "resolved": "1.0.0-alpha.349",
        "contentHash": "+HKZIRIsYB9asRsk6wDPUBhyNiKVegzjoOvTg0Cw4xNZbpc+YFYEecry5yiDHzzUfpkuMEY1gy9qIxic/sWQnw==",
        "dependencies": {
          "NetCord": "1.0.0-alpha.349"
        }
      },
      "Discord.Net.Commands": {
        "type": "Transitive",
        "resolved": "3.15.3",
        "contentHash": "g3OFzjWx7xxl+EXm7UmqQWM2RKOlTWEhadwc89B1SyYjbN72U9pU8pXvZbZLe29Psqd2k5neFVc25GwiCBjbmQ==",
        "dependencies": {
          "Discord.Net.Core": "3.15.3"
        }
      },
      "Discord.Net.Core": {
        "type": "Transitive",
        "resolved": "3.15.3",
        "contentHash": "FvOEC1Buam9C+aJ5CaLb5FEPKVdXjaNrEmgexo02n9bSRILQNi8iBM6f3K/Ziq2SLEZn+tujEHwNH8zFMzZwVA==",
        "dependencies": {
          "Newtonsoft.Json": "13.0.3",
          "System.Collections.Immutable": "6.0.0",
          "System.Interactive.Async": "6.0.1",
          "System.ValueTuple": "4.5.0"
        }
      },
      "Discord.Net.Interactions": {
        "type": "Transitive",
        "resolved": "3.15.3",
        "contentHash": "Bo8nX2Ho0sypNCPJ6jb/Bvx7LlVZc3bN70Fq31q5uWjK+DSKTIPsSOacPuxGCHAeq7VZCPbEqaGLb8EZ+YnmHw==",
        "dependencies": {
          "Discord.Net.Core": "3.15.3",
          "Discord.Net.Rest": "3.15.3",
          "Microsoft.Extensions.DependencyInjection.Abstractions": "6.0.0",
          "System.Collections.Immutable": "6.0.0",
          "System.Reactive": "6.0.0"
        }
      },
      "Discord.Net.Rest": {
        "type": "Transitive",
        "resolved": "3.15.3",
        "contentHash": "sMfO42ZqzRHmVSEgbAG+FbkeKDorvfksH+1D0ds8hG1IWhK3mzZIeE8FkVLRputRxcAnP5eHbiBOhtgbN4hRMA==",
        "dependencies": {
          "Discord.Net.Core": "3.15.3"
        }
      },
      "Discord.Net.Webhook": {
        "type": "Transitive",
        "resolved": "3.15.3",
        "contentHash": "69dvN5L0aKyATSET3lFemQd2ZyYBAxr9kde4PPhpiyx58N/AKsBQRqeBQE9PUIuIdEcFwllmgorHaVTBKLw6lw==",
        "dependencies": {
          "Discord.Net.Core": "3.15.3",
          "Discord.Net.Rest": "3.15.3"
        }
      },
      "Discord.Net.WebSocket": {
        "type": "Transitive",
        "resolved": "3.15.3",
        "contentHash": "sR7Apa1I0IgpDG4TgJZ6Amd35FQIzbpN+W6+1XpnXOo58KcrSM3v1hODrKr/wkYHtm1zpeBqBbKfZCvLIsdRww==",
        "dependencies": {
          "Discord.Net.Core": "3.15.3",
          "Discord.Net.Rest": "3.15.3"
        }
      },
      "Microsoft.Bcl.AsyncInterfaces": {
        "type": "Transitive",
        "resolved": "6.0.0",
        "contentHash": "UcSjPsst+DfAdJGVDsu346FX0ci0ah+lw3WRtn18NUwEqRt70HaOQ7lI72vy3+1LxtqI3T5GWwV39rQSrCzAeg=="
      },
      "Microsoft.Extensions.Configuration.Abstractions": {
        "type": "Transitive",
        "resolved": "8.0.0",
        "contentHash": "3lE/iLSutpgX1CC0NOW70FJoGARRHbyKmG7dc0klnUZ9Dd9hS6N/POPWhKhMLCEuNN5nXEY5agmlFtH562vqhQ==",
        "dependencies": {
          "Microsoft.Extensions.Primitives": "8.0.0"
        }
      },
      "Microsoft.Extensions.Configuration.Binder": {
        "type": "Transitive",
        "resolved": "8.0.2",
        "contentHash": "7IQhGK+wjyGrNsPBjJcZwWAr+Wf6D4+TwOptUt77bWtgNkiV8tDEbhFS+dDamtQFZ2X7kWG9m71iZQRj2x3zgQ==",
        "dependencies": {
          "Microsoft.Extensions.Configuration.Abstractions": "8.0.0"
        }
      },
      "Microsoft.Extensions.DependencyInjection.Abstractions": {
        "type": "Transitive",
        "resolved": "8.0.2",
        "contentHash": "3iE7UF7MQkCv1cxzCahz+Y/guQbTqieyxyaWKhrRO91itI9cOKO76OHeQDahqG4MmW5umr3CcCvGmK92lWNlbg=="
      },
      "Microsoft.Extensions.Diagnostics.Abstractions": {
        "type": "Transitive",
        "resolved": "8.0.1",
        "contentHash": "elH2vmwNmsXuKmUeMQ4YW9ldXiF+gSGDgg1vORksob5POnpaI6caj1Hu8zaYbEuibhqCoWg0YRWDazBY3zjBfg==",
        "dependencies": {
          "Microsoft.Extensions.DependencyInjection.Abstractions": "8.0.2",
          "Microsoft.Extensions.Options": "8.0.2"
        }
      },
      "Microsoft.Extensions.FileProviders.Abstractions": {
        "type": "Transitive",
        "resolved": "8.0.0",
        "contentHash": "ZbaMlhJlpisjuWbvXr4LdAst/1XxH3vZ6A0BsgTphZ2L4PGuxRLz7Jr/S7mkAAnOn78Vu0fKhEgNF5JO3zfjqQ==",
        "dependencies": {
          "Microsoft.Extensions.Primitives": "8.0.0"
        }
      },
      "Microsoft.Extensions.Hosting.Abstractions": {
        "type": "Transitive",
        "resolved": "8.0.1",
        "contentHash": "nHwq9aPBdBPYXPti6wYEEfgXddfBrYC+CQLn+qISiwQq5tpfaqDZSKOJNxoe9rfQxGf1c+2wC/qWFe1QYJPYqw==",
        "dependencies": {
          "Microsoft.Extensions.Configuration.Abstractions": "8.0.0",
          "Microsoft.Extensions.DependencyInjection.Abstractions": "8.0.2",
          "Microsoft.Extensions.Diagnostics.Abstractions": "8.0.1",
          "Microsoft.Extensions.FileProviders.Abstractions": "8.0.0",
          "Microsoft.Extensions.Logging.Abstractions": "8.0.2"
        }
      },
      "Microsoft.Extensions.Logging.Abstractions": {
        "type": "Transitive",
        "resolved": "8.0.2",
        "contentHash": "nroMDjS7hNBPtkZqVBbSiQaQjWRDxITI8Y7XnDs97rqG3EbzVTNLZQf7bIeUJcaHOV8bca47s1Uxq94+2oGdxA==",
        "dependencies": {
          "Microsoft.Extensions.DependencyInjection.Abstractions": "8.0.2"
        }
      },
      "Microsoft.Extensions.Options": {
        "type": "Transitive",
        "resolved": "8.0.2",
        "contentHash": "dWGKvhFybsaZpGmzkGCbNNwBD1rVlWzrZKANLW/CcbFJpCEceMCGzT7zZwHOGBCbwM0SzBuceMj5HN1LKV1QqA==",
        "dependencies": {
          "Microsoft.Extensions.DependencyInjection.Abstractions": "8.0.0",
          "Microsoft.Extensions.Primitives": "8.0.0"
        }
      },
      "Microsoft.Extensions.Options.ConfigurationExtensions": {
        "type": "Transitive",
        "resolved": "8.0.0",
        "contentHash": "0f4DMRqEd50zQh+UyJc+/HiBsZ3vhAQALgdkcQEalSH1L2isdC7Yj54M3cyo5e+BeO5fcBQ7Dxly8XiBBcvRgw==",
        "dependencies": {
          "Microsoft.Extensions.Configuration.Abstractions": "8.0.0",
          "Microsoft.Extensions.Configuration.Binder": "8.0.0",
          "Microsoft.Extensions.DependencyInjection.Abstractions": "8.0.0",
          "Microsoft.Extensions.Options": "8.0.0",
          "Microsoft.Extensions.Primitives": "8.0.0"
        }
      },
      "Microsoft.Extensions.Options.DataAnnotations": {
        "type": "Transitive",
        "resolved": "8.0.0",
        "contentHash": "z6p6q/N/hiU19A9tK7pjhXHpiYArO4oIICipxUviBEIOiDIoKRO7k6qItvw7alKcLtfHZOWmspuSKpvIvH0N8w==",
        "dependencies": {
          "Microsoft.Extensions.DependencyInjection.Abstractions": "8.0.0",
          "Microsoft.Extensions.Options": "8.0.0"
        }
      },
      "Microsoft.Extensions.Primitives": {
        "type": "Transitive",
        "resolved": "8.0.0",
        "contentHash": "bXJEZrW9ny8vjMF1JV253WeLhpEVzFo1lyaZu1vQ4ZxWUlVvknZ/+ftFgVheLubb4eZPSwwxBeqS1JkCOjxd8g=="
      },
      "Newtonsoft.Json": {
        "type": "Transitive",
        "resolved": "13.0.3",
        "contentHash": "HrC5BXdl00IP9zeV+0Z848QWPAoCr9P3bDEZguI+gkLcBKAOxix/tLEAAHC+UvDNPv4a2d18lOReHMOagPa+zQ=="
      },
      "System.Collections.Immutable": {
        "type": "Transitive",
        "resolved": "6.0.0",
        "contentHash": "l4zZJ1WU2hqpQQHXz1rvC3etVZN+2DLmQMO79FhOTZHMn8tDRr+WU287sbomD0BETlmKDn0ygUgVy9k5xkkJdA==",
        "dependencies": {
          "System.Runtime.CompilerServices.Unsafe": "6.0.0"
        }
      },
      "System.Interactive.Async": {
        "type": "Transitive",
        "resolved": "6.0.1",
        "contentHash": "f8H1O4ZWDQo344y5NQU76G4SIjWMuKDVXL9OM1dg6K5YZnLkc8iCdQDybBvMcC6ufk61jzXGVAX6UCDu0qDSjA==",
        "dependencies": {
          "System.Linq.Async": "6.0.1"
        }
      },
      "System.Linq.Async": {
        "type": "Transitive",
        "resolved": "6.0.1",
        "contentHash": "0YhHcaroWpQ9UCot3Pizah7ryAzQhNvobLMSxeDIGmnXfkQn8u5owvpOH0K6EVB+z9L7u6Cc4W17Br/+jyttEQ==",
        "dependencies": {
          "Microsoft.Bcl.AsyncInterfaces": "6.0.0"
        }
      },
      "System.Reactive": {
        "type": "Transitive",
        "resolved": "6.0.0",
        "contentHash": "31kfaW4ZupZzPsI5PVe77VhnvFF55qgma7KZr/E0iFTs6fmdhhG8j0mgEx620iLTey1EynOkEfnyTjtNEpJzGw=="
      },
      "System.Runtime.CompilerServices.Unsafe": {
        "type": "Transitive",
        "resolved": "6.0.0",
        "contentHash": "/iUeP3tq1S0XdNNoMz5C9twLSrM/TH+qElHkXWaPvuNOt+99G75NrV0OS2EqHx5wMN7popYjpc8oTjC1y16DLg=="
      },
      "System.ValueTuple": {
        "type": "Transitive",
        "resolved": "4.5.0",
        "contentHash": "okurQJO6NRE/apDIP23ajJ0hpiNmJ+f0BwOlB/cSqTLQlw5upkf+5+96+iG2Jw40G1fCVCyPz/FhIABUjMR+RQ=="
      }
    }
  }
}